// !$*UTF8*$!
{
	archiveVersion = 1;
	classes = {
	};
	objectVersion = 46;
	objects = {

/* Begin PBXAggregateTarget section */
		"MetalCamera::MetalCameraPackageTests::ProductTarget" /* MetalCameraPackageTests */ = {
			isa = PBXAggregateTarget;
			buildConfigurationList = OBJ_90 /* Build configuration list for PBXAggregateTarget "MetalCameraPackageTests" */;
			buildPhases = (
			);
			dependencies = (
				OBJ_93 /* PBXTargetDependency */,
			);
			name = MetalCameraPackageTests;
			productName = MetalCameraPackageTests;
		};
/* End PBXAggregateTarget section */

/* Begin PBXBuildFile section */
		0735350827AFC1D300E0A7CF /* SaliencyHandler.swift in Sources */ = {isa = PBXBuildFile; fileRef = 0735350727AFC1D300E0A7CF /* SaliencyHandler.swift */; };
		077F00EA26E4744B008C6607 /* VideoPreview.swift in Sources */ = {isa = PBXBuildFile; fileRef = 077F00E926E4744B008C6607 /* VideoPreview.swift */; };
		077F00F426E66FC2008C6607 /* Shaders.metal in Sources */ = {isa = PBXBuildFile; fileRef = 077F00F326E66FC2008C6607 /* Shaders.metal */; };
		079ED717278EA54100E2B281 /* PersonSegmentationHandler.swift in Sources */ = {isa = PBXBuildFile; fileRef = 079ED716278EA54100E2B281 /* PersonSegmentationHandler.swift */; };
		07D805FD277ED83F00BEA450 /* TranslationHandler.swift in Sources */ = {isa = PBXBuildFile; fileRef = 07D805FC277ED83F00BEA450 /* TranslationHandler.swift */; };
		OBJ_101 /* MetalCamera.framework in Frameworks */ = {isa = PBXBuildFile; fileRef = "MetalCamera::MetalCamera::Product" /* MetalCamera.framework */; };
		OBJ_55 /* CoreMLClassifierHandler.swift in Sources */ = {isa = PBXBuildFile; fileRef = OBJ_10 /* CoreMLClassifierHandler.swift */; };
		OBJ_56 /* CoreMLLoader.swift in Sources */ = {isa = PBXBuildFile; fileRef = OBJ_11 /* CoreMLLoader.swift */; };
		OBJ_57 /* CoreMLPoseNetHandler.swift in Sources */ = {isa = PBXBuildFile; fileRef = OBJ_13 /* CoreMLPoseNetHandler.swift */; };
		OBJ_58 /* Joint.swift in Sources */ = {isa = PBXBuildFile; fileRef = OBJ_14 /* Joint.swift */; };
		OBJ_59 /* Pose.swift in Sources */ = {isa = PBXBuildFile; fileRef = OBJ_15 /* Pose.swift */; };
		OBJ_60 /* PoseNetOutput.swift in Sources */ = {isa = PBXBuildFile; fileRef = OBJ_16 /* PoseNetOutput.swift */; };
		OBJ_61 /* MetalCamera.swift in Sources */ = {isa = PBXBuildFile; fileRef = OBJ_17 /* MetalCamera.swift */; };
		OBJ_62 /* MetalRenderingDevice.swift in Sources */ = {isa = PBXBuildFile; fileRef = OBJ_18 /* MetalRenderingDevice.swift */; };
		OBJ_63 /* MetalVideoLoader.swift in Sources */ = {isa = PBXBuildFile; fileRef = OBJ_19 /* MetalVideoLoader.swift */; };
		OBJ_64 /* MetalVideoView.swift in Sources */ = {isa = PBXBuildFile; fileRef = OBJ_20 /* MetalVideoView.swift */; };
		OBJ_65 /* MetalVideoWriter.swift in Sources */ = {isa = PBXBuildFile; fileRef = OBJ_21 /* MetalVideoWriter.swift */; };
		OBJ_66 /* OperationChain.swift in Sources */ = {isa = PBXBuildFile; fileRef = OBJ_22 /* OperationChain.swift */; };
		OBJ_67 /* Texture.swift in Sources */ = {isa = PBXBuildFile; fileRef = OBJ_23 /* Texture.swift */; };
		OBJ_68 /* AudioBuffer.swift in Sources */ = {isa = PBXBuildFile; fileRef = OBJ_25 /* AudioBuffer.swift */; };
		OBJ_69 /* AudioCompositor.swift in Sources */ = {isa = PBXBuildFile; fileRef = OBJ_26 /* AudioCompositor.swift */; };
		OBJ_70 /* AudioStreamPlayer.swift in Sources */ = {isa = PBXBuildFile; fileRef = OBJ_27 /* AudioStreamPlayer.swift */; };
		OBJ_71 /* AlphaBlend.swift in Sources */ = {isa = PBXBuildFile; fileRef = OBJ_29 /* AlphaBlend.swift */; };
		OBJ_72 /* Gray.swift in Sources */ = {isa = PBXBuildFile; fileRef = OBJ_30 /* Gray.swift */; };
		OBJ_73 /* ImageCompositor.swift in Sources */ = {isa = PBXBuildFile; fileRef = OBJ_31 /* ImageCompositor.swift */; };
		OBJ_74 /* Lookup.swift in Sources */ = {isa = PBXBuildFile; fileRef = OBJ_32 /* Lookup.swift */; };
		OBJ_75 /* Kernel.swift in Sources */ = {isa = PBXBuildFile; fileRef = OBJ_33 /* Kernel.swift */; };
		OBJ_76 /* Mask.swift in Sources */ = {isa = PBXBuildFile; fileRef = OBJ_34 /* Mask.swift */; };
		OBJ_77 /* MetalKernel.swift in Sources */ = {isa = PBXBuildFile; fileRef = OBJ_35 /* MetalKernel.swift */; };
		OBJ_78 /* Rotation.swift in Sources */ = {isa = PBXBuildFile; fileRef = OBJ_36 /* Rotation.swift */; };
		OBJ_79 /* Colors.swift in Sources */ = {isa = PBXBuildFile; fileRef = OBJ_38 /* Colors.swift */; };
		OBJ_80 /* Maths.swift in Sources */ = {isa = PBXBuildFile; fileRef = OBJ_39 /* Maths.swift */; };
		OBJ_81 /* extensions.swift in Sources */ = {isa = PBXBuildFile; fileRef = OBJ_40 /* extensions.swift */; };
		OBJ_88 /* Package.swift in Sources */ = {isa = PBXBuildFile; fileRef = OBJ_6 /* Package.swift */; };
		OBJ_99 /* MetalCameraTests.swift in Sources */ = {isa = PBXBuildFile; fileRef = OBJ_43 /* MetalCameraTests.swift */; };
/* End PBXBuildFile section */

/* Begin PBXContainerItemProxy section */
		077F00DB26E45271008C6607 /* PBXContainerItemProxy */ = {
			isa = PBXContainerItemProxy;
			containerPortal = OBJ_1 /* Project object */;
			proxyType = 1;
			remoteGlobalIDString = "MetalCamera::MetalCameraTests";
			remoteInfo = MetalCameraTests;
		};
		077F00DC26E45271008C6607 /* PBXContainerItemProxy */ = {
			isa = PBXContainerItemProxy;
			containerPortal = OBJ_1 /* Project object */;
			proxyType = 1;
			remoteGlobalIDString = "MetalCamera::MetalCamera";
			remoteInfo = MetalCamera;
		};
/* End PBXContainerItemProxy section */

/* Begin PBXFileReference section */
		0735350727AFC1D300E0A7CF /* SaliencyHandler.swift */ = {isa = PBXFileReference; lastKnownFileType = sourcecode.swift; path = SaliencyHandler.swift; sourceTree = "<group>"; };
		077F00E926E4744B008C6607 /* VideoPreview.swift */ = {isa = PBXFileReference; lastKnownFileType = sourcecode.swift; path = VideoPreview.swift; sourceTree = "<group>"; };
		077F00F326E66FC2008C6607 /* Shaders.metal */ = {isa = PBXFileReference; fileEncoding = 4; lastKnownFileType = sourcecode.metal; path = Shaders.metal; sourceTree = "<group>"; };
		079ED716278EA54100E2B281 /* PersonSegmentationHandler.swift */ = {isa = PBXFileReference; lastKnownFileType = sourcecode.swift; path = PersonSegmentationHandler.swift; sourceTree = "<group>"; };
		07D805FC277ED83F00BEA450 /* TranslationHandler.swift */ = {isa = PBXFileReference; lastKnownFileType = sourcecode.swift; path = TranslationHandler.swift; sourceTree = "<group>"; };
		"MetalCamera::MetalCamera::Product" /* MetalCamera.framework */ = {isa = PBXFileReference; explicitFileType = wrapper.framework; path = MetalCamera.framework; sourceTree = BUILT_PRODUCTS_DIR; };
		"MetalCamera::MetalCameraTests::Product" /* MetalCameraTests.xctest */ = {isa = PBXFileReference; lastKnownFileType = file; path = MetalCameraTests.xctest; sourceTree = BUILT_PRODUCTS_DIR; };
		OBJ_10 /* CoreMLClassifierHandler.swift */ = {isa = PBXFileReference; lastKnownFileType = sourcecode.swift; path = CoreMLClassifierHandler.swift; sourceTree = "<group>"; };
		OBJ_11 /* CoreMLLoader.swift */ = {isa = PBXFileReference; lastKnownFileType = sourcecode.swift; path = CoreMLLoader.swift; sourceTree = "<group>"; };
		OBJ_13 /* CoreMLPoseNetHandler.swift */ = {isa = PBXFileReference; lastKnownFileType = sourcecode.swift; path = CoreMLPoseNetHandler.swift; sourceTree = "<group>"; };
		OBJ_14 /* Joint.swift */ = {isa = PBXFileReference; lastKnownFileType = sourcecode.swift; path = Joint.swift; sourceTree = "<group>"; };
		OBJ_15 /* Pose.swift */ = {isa = PBXFileReference; lastKnownFileType = sourcecode.swift; path = Pose.swift; sourceTree = "<group>"; };
		OBJ_16 /* PoseNetOutput.swift */ = {isa = PBXFileReference; lastKnownFileType = sourcecode.swift; path = PoseNetOutput.swift; sourceTree = "<group>"; };
		OBJ_17 /* MetalCamera.swift */ = {isa = PBXFileReference; lastKnownFileType = sourcecode.swift; path = MetalCamera.swift; sourceTree = "<group>"; };
		OBJ_18 /* MetalRenderingDevice.swift */ = {isa = PBXFileReference; lastKnownFileType = sourcecode.swift; path = MetalRenderingDevice.swift; sourceTree = "<group>"; };
		OBJ_19 /* MetalVideoLoader.swift */ = {isa = PBXFileReference; lastKnownFileType = sourcecode.swift; path = MetalVideoLoader.swift; sourceTree = "<group>"; };
		OBJ_20 /* MetalVideoView.swift */ = {isa = PBXFileReference; lastKnownFileType = sourcecode.swift; path = MetalVideoView.swift; sourceTree = "<group>"; };
		OBJ_21 /* MetalVideoWriter.swift */ = {isa = PBXFileReference; lastKnownFileType = sourcecode.swift; path = MetalVideoWriter.swift; sourceTree = "<group>"; };
		OBJ_22 /* OperationChain.swift */ = {isa = PBXFileReference; lastKnownFileType = sourcecode.swift; path = OperationChain.swift; sourceTree = "<group>"; };
		OBJ_23 /* Texture.swift */ = {isa = PBXFileReference; lastKnownFileType = sourcecode.swift; path = Texture.swift; sourceTree = "<group>"; };
		OBJ_25 /* AudioBuffer.swift */ = {isa = PBXFileReference; lastKnownFileType = sourcecode.swift; path = AudioBuffer.swift; sourceTree = "<group>"; };
		OBJ_26 /* AudioCompositor.swift */ = {isa = PBXFileReference; lastKnownFileType = sourcecode.swift; path = AudioCompositor.swift; sourceTree = "<group>"; };
		OBJ_27 /* AudioStreamPlayer.swift */ = {isa = PBXFileReference; lastKnownFileType = sourcecode.swift; path = AudioStreamPlayer.swift; sourceTree = "<group>"; };
		OBJ_29 /* AlphaBlend.swift */ = {isa = PBXFileReference; lastKnownFileType = sourcecode.swift; path = AlphaBlend.swift; sourceTree = "<group>"; };
		OBJ_30 /* Gray.swift */ = {isa = PBXFileReference; lastKnownFileType = sourcecode.swift; path = Gray.swift; sourceTree = "<group>"; };
		OBJ_31 /* ImageCompositor.swift */ = {isa = PBXFileReference; lastKnownFileType = sourcecode.swift; path = ImageCompositor.swift; sourceTree = "<group>"; };
		OBJ_32 /* Lookup.swift */ = {isa = PBXFileReference; lastKnownFileType = sourcecode.swift; path = Lookup.swift; sourceTree = "<group>"; };
		OBJ_33 /* Kernel.swift */ = {isa = PBXFileReference; lastKnownFileType = sourcecode.swift; path = Kernel.swift; sourceTree = "<group>"; };
		OBJ_34 /* Mask.swift */ = {isa = PBXFileReference; lastKnownFileType = sourcecode.swift; path = Mask.swift; sourceTree = "<group>"; };
		OBJ_35 /* MetalKernel.swift */ = {isa = PBXFileReference; lastKnownFileType = sourcecode.swift; path = MetalKernel.swift; sourceTree = "<group>"; };
		OBJ_36 /* Rotation.swift */ = {isa = PBXFileReference; lastKnownFileType = sourcecode.swift; path = Rotation.swift; sourceTree = "<group>"; };
		OBJ_38 /* Colors.swift */ = {isa = PBXFileReference; lastKnownFileType = sourcecode.swift; path = Colors.swift; sourceTree = "<group>"; };
		OBJ_39 /* Maths.swift */ = {isa = PBXFileReference; lastKnownFileType = sourcecode.swift; path = Maths.swift; sourceTree = "<group>"; };
		OBJ_40 /* extensions.swift */ = {isa = PBXFileReference; lastKnownFileType = sourcecode.swift; path = extensions.swift; sourceTree = "<group>"; };
		OBJ_43 /* MetalCameraTests.swift */ = {isa = PBXFileReference; lastKnownFileType = sourcecode.swift; path = MetalCameraTests.swift; sourceTree = "<group>"; };
		OBJ_48 /* LICENSE */ = {isa = PBXFileReference; lastKnownFileType = text; path = LICENSE; sourceTree = "<group>"; };
		OBJ_49 /* README.md */ = {isa = PBXFileReference; lastKnownFileType = net.daringfireball.markdown; path = README.md; sourceTree = "<group>"; };
		OBJ_6 /* Package.swift */ = {isa = PBXFileReference; explicitFileType = sourcecode.swift; path = Package.swift; sourceTree = "<group>"; };
/* End PBXFileReference section */

/* Begin PBXFrameworksBuildPhase section */
		OBJ_100 /* Frameworks */ = {
			isa = PBXFrameworksBuildPhase;
			buildActionMask = 0;
			files = (
				OBJ_101 /* MetalCamera.framework in Frameworks */,
			);
			runOnlyForDeploymentPostprocessing = 0;
		};
		OBJ_82 /* Frameworks */ = {
			isa = PBXFrameworksBuildPhase;
			buildActionMask = 0;
			files = (
			);
			runOnlyForDeploymentPostprocessing = 0;
		};
/* End PBXFrameworksBuildPhase section */

/* Begin PBXGroup section */
		077F00E826E469CC008C6607 /* SwiftUI */ = {
			isa = PBXGroup;
			children = (
				077F00E926E4744B008C6607 /* VideoPreview.swift */,
			);
			path = SwiftUI;
			sourceTree = "<group>";
		};
		077F00F226E66FC2008C6607 /* shader */ = {
			isa = PBXGroup;
			children = (
				077F00F326E66FC2008C6607 /* Shaders.metal */,
			);
			path = shader;
			sourceTree = "<group>";
		};
		07D805FB277ED38000BEA450 /* Vision */ = {
			isa = PBXGroup;
			children = (
				07D805FC277ED83F00BEA450 /* TranslationHandler.swift */,
				079ED716278EA54100E2B281 /* PersonSegmentationHandler.swift */,
				0735350727AFC1D300E0A7CF /* SaliencyHandler.swift */,
			);
			path = Vision;
			sourceTree = "<group>";
		};
		OBJ_12 /* PoseNet */ = {
			isa = PBXGroup;
			children = (
				OBJ_13 /* CoreMLPoseNetHandler.swift */,
				OBJ_14 /* Joint.swift */,
				OBJ_15 /* Pose.swift */,
				OBJ_16 /* PoseNetOutput.swift */,
			);
			path = PoseNet;
			sourceTree = "<group>";
		};
		OBJ_24 /* audio */ = {
			isa = PBXGroup;
			children = (
				OBJ_25 /* AudioBuffer.swift */,
				OBJ_26 /* AudioCompositor.swift */,
				OBJ_27 /* AudioStreamPlayer.swift */,
			);
			path = audio;
			sourceTree = "<group>";
		};
		OBJ_28 /* operations */ = {
			isa = PBXGroup;
			children = (
				OBJ_29 /* AlphaBlend.swift */,
				OBJ_30 /* Gray.swift */,
				OBJ_31 /* ImageCompositor.swift */,
				OBJ_32 /* Lookup.swift */,
				OBJ_33 /* Kernel.swift */,
				OBJ_34 /* Mask.swift */,
				OBJ_35 /* MetalKernel.swift */,
				OBJ_36 /* Rotation.swift */,
			);
			path = operations;
			sourceTree = "<group>";
		};
		OBJ_37 /* utils */ = {
			isa = PBXGroup;
			children = (
				OBJ_38 /* Colors.swift */,
				OBJ_39 /* Maths.swift */,
				OBJ_40 /* extensions.swift */,
			);
			path = utils;
			sourceTree = "<group>";
		};
		OBJ_41 /* Tests */ = {
			isa = PBXGroup;
			children = (
				OBJ_42 /* MetalCameraTests */,
			);
			name = Tests;
			sourceTree = SOURCE_ROOT;
		};
		OBJ_42 /* MetalCameraTests */ = {
			isa = PBXGroup;
			children = (
				OBJ_43 /* MetalCameraTests.swift */,
			);
			name = MetalCameraTests;
			path = Tests/MetalCameraTests;
			sourceTree = SOURCE_ROOT;
		};
		OBJ_44 /* Products */ = {
			isa = PBXGroup;
			children = (
				"MetalCamera::MetalCamera::Product" /* MetalCamera.framework */,
				"MetalCamera::MetalCameraTests::Product" /* MetalCameraTests.xctest */,
			);
			name = Products;
			sourceTree = BUILT_PRODUCTS_DIR;
		};
		OBJ_5 = {
			isa = PBXGroup;
			children = (
				OBJ_6 /* Package.swift */,
				OBJ_7 /* Sources */,
				OBJ_41 /* Tests */,
				OBJ_44 /* Products */,
				OBJ_48 /* LICENSE */,
				OBJ_49 /* README.md */,
			);
			sourceTree = "<group>";
		};
		OBJ_7 /* Sources */ = {
			isa = PBXGroup;
			children = (
				OBJ_8 /* MetalCamera */,
			);
			name = Sources;
			sourceTree = SOURCE_ROOT;
		};
		OBJ_8 /* MetalCamera */ = {
			isa = PBXGroup;
			children = (
				077F00E826E469CC008C6607 /* SwiftUI */,
				OBJ_9 /* CoreML */,
				07D805FB277ED38000BEA450 /* Vision */,
				OBJ_24 /* audio */,
				OBJ_28 /* operations */,
				OBJ_37 /* utils */,
				077F00F226E66FC2008C6607 /* shader */,
				OBJ_17 /* MetalCamera.swift */,
				OBJ_18 /* MetalRenderingDevice.swift */,
				OBJ_19 /* MetalVideoLoader.swift */,
				OBJ_20 /* MetalVideoView.swift */,
				OBJ_21 /* MetalVideoWriter.swift */,
				OBJ_22 /* OperationChain.swift */,
				OBJ_23 /* Texture.swift */,
			);
			name = MetalCamera;
			path = Sources/MetalCamera;
			sourceTree = SOURCE_ROOT;
		};
		OBJ_9 /* CoreML */ = {
			isa = PBXGroup;
			children = (
				OBJ_10 /* CoreMLClassifierHandler.swift */,
				OBJ_11 /* CoreMLLoader.swift */,
				OBJ_12 /* PoseNet */,
			);
			path = CoreML;
			sourceTree = "<group>";
		};
/* End PBXGroup section */

/* Begin PBXNativeTarget section */
		"MetalCamera::MetalCamera" /* MetalCamera */ = {
			isa = PBXNativeTarget;
			buildConfigurationList = OBJ_51 /* Build configuration list for PBXNativeTarget "MetalCamera" */;
			buildPhases = (
				OBJ_54 /* Sources */,
				OBJ_82 /* Frameworks */,
			);
			buildRules = (
			);
			dependencies = (
			);
			name = MetalCamera;
			productName = MetalCamera;
			productReference = "MetalCamera::MetalCamera::Product" /* MetalCamera.framework */;
			productType = "com.apple.product-type.framework";
		};
		"MetalCamera::MetalCameraTests" /* MetalCameraTests */ = {
			isa = PBXNativeTarget;
			buildConfigurationList = OBJ_95 /* Build configuration list for PBXNativeTarget "MetalCameraTests" */;
			buildPhases = (
				OBJ_98 /* Sources */,
				OBJ_100 /* Frameworks */,
			);
			buildRules = (
			);
			dependencies = (
				OBJ_102 /* PBXTargetDependency */,
			);
			name = MetalCameraTests;
			productName = MetalCameraTests;
			productReference = "MetalCamera::MetalCameraTests::Product" /* MetalCameraTests.xctest */;
			productType = "com.apple.product-type.bundle.unit-test";
		};
		"MetalCamera::SwiftPMPackageDescription" /* MetalCameraPackageDescription */ = {
			isa = PBXNativeTarget;
			buildConfigurationList = OBJ_84 /* Build configuration list for PBXNativeTarget "MetalCameraPackageDescription" */;
			buildPhases = (
				OBJ_87 /* Sources */,
			);
			buildRules = (
			);
			dependencies = (
			);
			name = MetalCameraPackageDescription;
			productName = MetalCameraPackageDescription;
			productType = "com.apple.product-type.framework";
		};
/* End PBXNativeTarget section */

/* Begin PBXProject section */
		OBJ_1 /* Project object */ = {
			isa = PBXProject;
			attributes = {
				LastSwiftMigration = 9999;
				LastUpgradeCheck = 9999;
			};
			buildConfigurationList = OBJ_2 /* Build configuration list for PBXProject "MetalCamera" */;
			compatibilityVersion = "Xcode 3.2";
			developmentRegion = en;
			hasScannedForEncodings = 0;
			knownRegions = (
				en,
			);
			mainGroup = OBJ_5;
			productRefGroup = OBJ_44 /* Products */;
			projectDirPath = "";
			projectRoot = "";
			targets = (
				"MetalCamera::MetalCamera" /* MetalCamera */,
				"MetalCamera::SwiftPMPackageDescription" /* MetalCameraPackageDescription */,
				"MetalCamera::MetalCameraPackageTests::ProductTarget" /* MetalCameraPackageTests */,
				"MetalCamera::MetalCameraTests" /* MetalCameraTests */,
			);
		};
/* End PBXProject section */

/* Begin PBXSourcesBuildPhase section */
		OBJ_54 /* Sources */ = {
			isa = PBXSourcesBuildPhase;
			buildActionMask = 0;
			files = (
				077F00F426E66FC2008C6607 /* Shaders.metal in Sources */,
				OBJ_55 /* CoreMLClassifierHandler.swift in Sources */,
				OBJ_56 /* CoreMLLoader.swift in Sources */,
				OBJ_57 /* CoreMLPoseNetHandler.swift in Sources */,
				OBJ_58 /* Joint.swift in Sources */,
				OBJ_59 /* Pose.swift in Sources */,
				0735350827AFC1D300E0A7CF /* SaliencyHandler.swift in Sources */,
				OBJ_60 /* PoseNetOutput.swift in Sources */,
				OBJ_61 /* MetalCamera.swift in Sources */,
				OBJ_62 /* MetalRenderingDevice.swift in Sources */,
				OBJ_63 /* MetalVideoLoader.swift in Sources */,
				077F00EA26E4744B008C6607 /* VideoPreview.swift in Sources */,
				079ED717278EA54100E2B281 /* PersonSegmentationHandler.swift in Sources */,
				OBJ_64 /* MetalVideoView.swift in Sources */,
				OBJ_65 /* MetalVideoWriter.swift in Sources */,
				OBJ_66 /* OperationChain.swift in Sources */,
				OBJ_67 /* Texture.swift in Sources */,
				OBJ_68 /* AudioBuffer.swift in Sources */,
				OBJ_69 /* AudioCompositor.swift in Sources */,
				OBJ_70 /* AudioStreamPlayer.swift in Sources */,
				OBJ_71 /* AlphaBlend.swift in Sources */,
				OBJ_72 /* Gray.swift in Sources */,
				OBJ_73 /* ImageCompositor.swift in Sources */,
				OBJ_74 /* Lookup.swift in Sources */,
				OBJ_75 /* Kernel.swift in Sources */,
				OBJ_76 /* Mask.swift in Sources */,
				OBJ_77 /* MetalKernel.swift in Sources */,
				OBJ_78 /* Rotation.swift in Sources */,
				OBJ_79 /* Colors.swift in Sources */,
				OBJ_80 /* Maths.swift in Sources */,
				07D805FD277ED83F00BEA450 /* TranslationHandler.swift in Sources */,
				OBJ_81 /* extensions.swift in Sources */,
			);
			runOnlyForDeploymentPostprocessing = 0;
		};
		OBJ_87 /* Sources */ = {
			isa = PBXSourcesBuildPhase;
			buildActionMask = 0;
			files = (
				OBJ_88 /* Package.swift in Sources */,
			);
			runOnlyForDeploymentPostprocessing = 0;
		};
		OBJ_98 /* Sources */ = {
			isa = PBXSourcesBuildPhase;
			buildActionMask = 0;
			files = (
				OBJ_99 /* MetalCameraTests.swift in Sources */,
			);
			runOnlyForDeploymentPostprocessing = 0;
		};
/* End PBXSourcesBuildPhase section */

/* Begin PBXTargetDependency section */
		OBJ_102 /* PBXTargetDependency */ = {
			isa = PBXTargetDependency;
			target = "MetalCamera::MetalCamera" /* MetalCamera */;
			targetProxy = 077F00DC26E45271008C6607 /* PBXContainerItemProxy */;
		};
		OBJ_93 /* PBXTargetDependency */ = {
			isa = PBXTargetDependency;
			target = "MetalCamera::MetalCameraTests" /* MetalCameraTests */;
			targetProxy = 077F00DB26E45271008C6607 /* PBXContainerItemProxy */;
		};
/* End PBXTargetDependency section */

/* Begin XCBuildConfiguration section */
		OBJ_3 /* Debug */ = {
			isa = XCBuildConfiguration;
			buildSettings = {
				CLANG_ENABLE_OBJC_ARC = YES;
				COMBINE_HIDPI_IMAGES = YES;
				COPY_PHASE_STRIP = NO;
				DEBUG_INFORMATION_FORMAT = dwarf;
				DYLIB_INSTALL_NAME_BASE = "@rpath";
				ENABLE_NS_ASSERTIONS = YES;
				GCC_OPTIMIZATION_LEVEL = 0;
				GCC_PREPROCESSOR_DEFINITIONS = (
					"$(inherited)",
					"SWIFT_PACKAGE=1",
					"DEBUG=1",
				);
				MACOSX_DEPLOYMENT_TARGET = 10.10;
				MTL_ENABLE_DEBUG_INFO = YES;
				ONLY_ACTIVE_ARCH = YES;
				OTHER_SWIFT_FLAGS = "$(inherited) -DXcode";
				PRODUCT_NAME = "$(TARGET_NAME)";
				SDKROOT = macosx;
				SUPPORTED_PLATFORMS = "$(AVAILABLE_PLATFORMS)";
				SUPPORTS_MACCATALYST = YES;
				SWIFT_ACTIVE_COMPILATION_CONDITIONS = "$(inherited) SWIFT_PACKAGE DEBUG";
				SWIFT_OPTIMIZATION_LEVEL = "-Onone";
				USE_HEADERMAP = NO;
			};
			name = Debug;
		};
		OBJ_4 /* Release */ = {
			isa = XCBuildConfiguration;
			buildSettings = {
				CLANG_ENABLE_OBJC_ARC = YES;
				COMBINE_HIDPI_IMAGES = YES;
				COPY_PHASE_STRIP = YES;
				DEBUG_INFORMATION_FORMAT = "dwarf-with-dsym";
				DYLIB_INSTALL_NAME_BASE = "@rpath";
				GCC_OPTIMIZATION_LEVEL = s;
				GCC_PREPROCESSOR_DEFINITIONS = (
					"$(inherited)",
					"SWIFT_PACKAGE=1",
				);
				MACOSX_DEPLOYMENT_TARGET = 10.10;
				MTL_ENABLE_DEBUG_INFO = NO;
				OTHER_SWIFT_FLAGS = "$(inherited) -DXcode";
				PRODUCT_NAME = "$(TARGET_NAME)";
				SDKROOT = macosx;
				SUPPORTED_PLATFORMS = "$(AVAILABLE_PLATFORMS)";
				SUPPORTS_MACCATALYST = YES;
				SWIFT_ACTIVE_COMPILATION_CONDITIONS = "$(inherited) SWIFT_PACKAGE";
				SWIFT_OPTIMIZATION_LEVEL = "-Owholemodule";
				USE_HEADERMAP = NO;
			};
			name = Release;
		};
		OBJ_52 /* Debug */ = {
			isa = XCBuildConfiguration;
			buildSettings = {
				CURRENT_PROJECT_VERSION = 1;
				ENABLE_TESTABILITY = YES;
				FRAMEWORK_SEARCH_PATHS = (
					"$(inherited)",
					"$(PLATFORM_DIR)/Developer/Library/Frameworks",
				);
				HEADER_SEARCH_PATHS = "$(inherited)";
				INFOPLIST_FILE = MetalCamera.xcodeproj/MetalCamera_Info.plist;
				IPHONEOS_DEPLOYMENT_TARGET = 15.0;
				LD_RUNPATH_SEARCH_PATHS = "$(inherited) $(TOOLCHAIN_DIR)/usr/lib/swift/macosx";
				OTHER_CFLAGS = "$(inherited)";
				OTHER_LDFLAGS = "$(inherited)";
				OTHER_SWIFT_FLAGS = "$(inherited)";
				PRODUCT_BUNDLE_IDENTIFIER = MetalCamera;
				PRODUCT_MODULE_NAME = "$(TARGET_NAME:c99extidentifier)";
				PRODUCT_NAME = "$(TARGET_NAME:c99extidentifier)";
				SDKROOT = iphoneos;
				SKIP_INSTALL = YES;
				SUPPORTED_PLATFORMS = "iphonesimulator iphoneos";
				SWIFT_ACTIVE_COMPILATION_CONDITIONS = "$(inherited)";
				SWIFT_VERSION = 5.0;
				TARGET_NAME = MetalCamera;
				TVOS_DEPLOYMENT_TARGET = 9.0;
				WATCHOS_DEPLOYMENT_TARGET = 2.0;
			};
			name = Debug;
		};
		OBJ_53 /* Release */ = {
			isa = XCBuildConfiguration;
			buildSettings = {
				CURRENT_PROJECT_VERSION = 1;
				ENABLE_TESTABILITY = YES;
				FRAMEWORK_SEARCH_PATHS = (
					"$(inherited)",
					"$(PLATFORM_DIR)/Developer/Library/Frameworks",
				);
				HEADER_SEARCH_PATHS = "$(inherited)";
				INFOPLIST_FILE = MetalCamera.xcodeproj/MetalCamera_Info.plist;
				IPHONEOS_DEPLOYMENT_TARGET = 15.0;
				LD_RUNPATH_SEARCH_PATHS = "$(inherited) $(TOOLCHAIN_DIR)/usr/lib/swift/macosx";
				OTHER_CFLAGS = "$(inherited)";
				OTHER_LDFLAGS = "$(inherited)";
				OTHER_SWIFT_FLAGS = "$(inherited)";
				PRODUCT_BUNDLE_IDENTIFIER = MetalCamera;
				PRODUCT_MODULE_NAME = "$(TARGET_NAME:c99extidentifier)";
				PRODUCT_NAME = "$(TARGET_NAME:c99extidentifier)";
				SDKROOT = iphoneos;
				SKIP_INSTALL = YES;
				SUPPORTED_PLATFORMS = "iphonesimulator iphoneos";
				SWIFT_ACTIVE_COMPILATION_CONDITIONS = "$(inherited)";
				SWIFT_VERSION = 5.0;
				TARGET_NAME = MetalCamera;
				TVOS_DEPLOYMENT_TARGET = 9.0;
				WATCHOS_DEPLOYMENT_TARGET = 2.0;
			};
			name = Release;
		};
		OBJ_85 /* Debug */ = {
			isa = XCBuildConfiguration;
			buildSettings = {
				LD = /usr/bin/true;
				OTHER_SWIFT_FLAGS = "-swift-version 5 -I $(TOOLCHAIN_DIR)/usr/lib/swift/pm/4_2 -sdk /Applications/Xcode.app/Contents/Developer/Platforms/MacOSX.platform/Developer/SDKs/MacOSX11.3.sdk -package-description-version 5.3.0";
				SDKROOT = iphoneos;
				SUPPORTED_PLATFORMS = "iphonesimulator iphoneos";
				SWIFT_VERSION = 5.0;
			};
			name = Debug;
		};
		OBJ_86 /* Release */ = {
			isa = XCBuildConfiguration;
			buildSettings = {
				LD = /usr/bin/true;
				OTHER_SWIFT_FLAGS = "-swift-version 5 -I $(TOOLCHAIN_DIR)/usr/lib/swift/pm/4_2 -sdk /Applications/Xcode.app/Contents/Developer/Platforms/MacOSX.platform/Developer/SDKs/MacOSX11.3.sdk -package-description-version 5.3.0";
				SDKROOT = iphoneos;
				SUPPORTED_PLATFORMS = "iphonesimulator iphoneos";
				SWIFT_VERSION = 5.0;
			};
			name = Release;
		};
		OBJ_91 /* Debug */ = {
			isa = XCBuildConfiguration;
			buildSettings = {
			};
			name = Debug;
		};
		OBJ_92 /* Release */ = {
			isa = XCBuildConfiguration;
			buildSettings = {
			};
			name = Release;
		};
		OBJ_96 /* Debug */ = {
			isa = XCBuildConfiguration;
			buildSettings = {
				CLANG_ENABLE_MODULES = YES;
				CURRENT_PROJECT_VERSION = 1;
				EMBEDDED_CONTENT_CONTAINS_SWIFT = YES;
				FRAMEWORK_SEARCH_PATHS = (
					"$(inherited)",
					"$(PLATFORM_DIR)/Developer/Library/Frameworks",
				);
				HEADER_SEARCH_PATHS = "$(inherited)";
				INFOPLIST_FILE = MetalCamera.xcodeproj/MetalCameraTests_Info.plist;
				IPHONEOS_DEPLOYMENT_TARGET = 14.0;
				LD_RUNPATH_SEARCH_PATHS = "$(inherited) @loader_path/../Frameworks @loader_path/Frameworks";
				MACOSX_DEPLOYMENT_TARGET = 10.15;
				OTHER_CFLAGS = "$(inherited)";
				OTHER_LDFLAGS = "$(inherited)";
				OTHER_SWIFT_FLAGS = "$(inherited)";
				SWIFT_ACTIVE_COMPILATION_CONDITIONS = "$(inherited)";
				SWIFT_VERSION = 5.0;
				TARGET_NAME = MetalCameraTests;
				TVOS_DEPLOYMENT_TARGET = 9.0;
				WATCHOS_DEPLOYMENT_TARGET = 7.0;
			};
			name = Debug;
		};
		OBJ_97 /* Release */ = {
			isa = XCBuildConfiguration;
			buildSettings = {
				CLANG_ENABLE_MODULES = YES;
				CURRENT_PROJECT_VERSION = 1;
				EMBEDDED_CONTENT_CONTAINS_SWIFT = YES;
				FRAMEWORK_SEARCH_PATHS = (
					"$(inherited)",
					"$(PLATFORM_DIR)/Developer/Library/Frameworks",
				);
				HEADER_SEARCH_PATHS = "$(inherited)";
				INFOPLIST_FILE = MetalCamera.xcodeproj/MetalCameraTests_Info.plist;
				IPHONEOS_DEPLOYMENT_TARGET = 14.0;
				LD_RUNPATH_SEARCH_PATHS = "$(inherited) @loader_path/../Frameworks @loader_path/Frameworks";
				MACOSX_DEPLOYMENT_TARGET = 10.15;
				OTHER_CFLAGS = "$(inherited)";
				OTHER_LDFLAGS = "$(inherited)";
				OTHER_SWIFT_FLAGS = "$(inherited)";
				SWIFT_ACTIVE_COMPILATION_CONDITIONS = "$(inherited)";
				SWIFT_VERSION = 5.0;
				TARGET_NAME = MetalCameraTests;
				TVOS_DEPLOYMENT_TARGET = 9.0;
				WATCHOS_DEPLOYMENT_TARGET = 7.0;
			};
			name = Release;
		};
/* End XCBuildConfiguration section */

/* Begin XCConfigurationList section */
		OBJ_2 /* Build configuration list for PBXProject "MetalCamera" */ = {
			isa = XCConfigurationList;
			buildConfigurations = (
				OBJ_3 /* Debug */,
				OBJ_4 /* Release */,
			);
			defaultConfigurationIsVisible = 0;
			defaultConfigurationName = Release;
		};
		OBJ_51 /* Build configuration list for PBXNativeTarget "MetalCamera" */ = {
			isa = XCConfigurationList;
			buildConfigurations = (
				OBJ_52 /* Debug */,
				OBJ_53 /* Release */,
			);
			defaultConfigurationIsVisible = 0;
			defaultConfigurationName = Release;
		};
		OBJ_84 /* Build configuration list for PBXNativeTarget "MetalCameraPackageDescription" */ = {
			isa = XCConfigurationList;
			buildConfigurations = (
				OBJ_85 /* Debug */,
				OBJ_86 /* Release */,
			);
			defaultConfigurationIsVisible = 0;
			defaultConfigurationName = Release;
		};
		OBJ_90 /* Build configuration list for PBXAggregateTarget "MetalCameraPackageTests" */ = {
			isa = XCConfigurationList;
			buildConfigurations = (
				OBJ_91 /* Debug */,
				OBJ_92 /* Release */,
			);
			defaultConfigurationIsVisible = 0;
			defaultConfigurationName = Release;
		};
		OBJ_95 /* Build configuration list for PBXNativeTarget "MetalCameraTests" */ = {
			isa = XCConfigurationList;
			buildConfigurations = (
				OBJ_96 /* Debug */,
				OBJ_97 /* Release */,
			);
			defaultConfigurationIsVisible = 0;
			defaultConfigurationName = Release;
		};
/* End XCConfigurationList section */
	};
	rootObject = OBJ_1 /* Project object */;
}
